
Microsoft Visual Studio Solution File, Format Version 12.00
# Visual Studio Version 16
VisualStudioVersion = 16.0.32228.343
MinimumVisualStudioVersion = 10.0.40219.1
Project("{FAE04EC0-301F-11D3-BF4B-00C04F79EFBC}") = "GradingIf", "GradingIf\GradingIf.csproj", "{F9A39C61-206B-4E52-B395-87DC4EDAB9D3}"
EndProject
Project("{FAE04EC0-301F-11D3-BF4B-00C04F79EFBC}") = "GradingSwitch", "GradingSwitch\GradingSwitch.csproj", "{D2B78506-B3CB-4F9E-8264-9261B792D8A2}"
EndProject
Global
	GlobalSection(SolutionConfigurationPlatforms) = preSolution
		Debug|Any CPU = Debug|Any CPU
		Release|Any CPU = Release|Any CPU
	EndGlobalSection
	GlobalSection(ProjectConfigurationPlatforms) = postSolution
		{F9A39C61-206B-4E52-B395-87DC4EDAB9D3}.Debug|Any CPU.ActiveCfg = Debug|Any CPU
		{F9A39C61-206B-4E52-B395-87DC4EDAB9D3}.Debug|Any CPU.Build.0 = Debug|Any CPU
		{F9A39C61-206B-4E52-B395-87DC4EDAB9D3}.Release|Any CPU.ActiveCfg = Release|Any CPU
		{F9A39C61-206B-4E52-B395-87DC4EDAB9D3}.Release|Any CPU.Build.0 = Release|Any CPU
		{D2B78506-B3CB-4F9E-8264-9261B792D8A2}.Debug|Any CPU.ActiveCfg = Debug|Any CPU
		{D2B78506-B3CB-4F9E-8264-9261B792D8A2}.Debug|Any CPU.Build.0 = Debug|Any CPU
		{D2B78506-B3CB-4F9E-8264-9261B792D8A2}.Release|Any CPU.ActiveCfg = Release|Any CPU
		{D2B78506-B3CB-4F9E-8264-9261B792D8A2}.Release|Any CPU.Build.0 = Release|Any CPU
	EndGlobalSection
	GlobalSection(SolutionProperties) = preSolution
		HideSolutionNode = FALSE
	EndGlobalSection
	GlobalSection(ExtensibilityGlobals) = postSolution
		SolutionGuid = {54FDE7FC-A76F-49C2-A459-1FD45C218D9C}
	EndGlobalSection
EndGlobal
